
Microsoft Visual Studio Solution File, Format Version 12.00
# Visual Studio Version 16
VisualStudioVersion = 16.0.31613.86
MinimumVisualStudioVersion = 10.0.40219.1
Project("{FAE04EC0-301F-11D3-BF4B-00C04F79EFBC}") = "HugeInteger", "HugeInteger\HugeInteger.csproj", "{8B4CC813-7E19-4982-99CC-CAA92344DC1B}"
EndProject
Global
	GlobalSection(SolutionConfigurationPlatforms) = preSolution
		Debug|Any CPU = Debug|Any CPU
		Release|Any CPU = Release|Any CPU
	EndGlobalSection
	GlobalSection(ProjectConfigurationPlatforms) = postSolution
		{8B4CC813-7E19-4982-99CC-CAA92344DC1B}.Debug|Any CPU.ActiveCfg = Debug|Any CPU
		{8B4CC813-7E19-4982-99CC-CAA92344DC1B}.Debug|Any CPU.Build.0 = Debug|Any CPU
		{8B4CC813-7E19-4982-99CC-CAA92344DC1B}.Release|Any CPU.ActiveCfg = Release|Any CPU
		{8B4CC813-7E19-4982-99CC-CAA92344DC1B}.Release|Any CPU.Build.0 = Release|Any CPU
	EndGlobalSection
	GlobalSection(SolutionProperties) = preSolution
		HideSolutionNode = FALSE
	EndGlobalSection
	GlobalSection(ExtensibilityGlobals) = postSolution
		SolutionGuid = {EF2BFE07-F44A-404A-974D-33FFEAB6A6E4}
	EndGlobalSection
EndGlobal
